
Microsoft Visual Studio Solution File, Format Version 12.00
# Visual Studio Version 17
VisualStudioVersion = 17.10.35122.118
MinimumVisualStudioVersion = 10.0.40219.1
Project("{FAE04EC0-301F-11D3-BF4B-00C04F79EFBC}") = "WebApiAssigment3", "WebApiAssigment3\WebApiAssigment3.csproj", "{FAF0CE36-B225-4E40-8F30-C38029F47A4E}"
EndProject
Global
	GlobalSection(SolutionConfigurationPlatforms) = preSolution
		Debug|Any CPU = Debug|Any CPU
		Release|Any CPU = Release|Any CPU
	EndGlobalSection
	GlobalSection(ProjectConfigurationPlatforms) = postSolution
		{FAF0CE36-B225-4E40-8F30-C38029F47A4E}.Debug|Any CPU.ActiveCfg = Debug|Any CPU
		{FAF0CE36-B225-4E40-8F30-C38029F47A4E}.Debug|Any CPU.Build.0 = Debug|Any CPU
		{FAF0CE36-B225-4E40-8F30-C38029F47A4E}.Release|Any CPU.ActiveCfg = Release|Any CPU
		{FAF0CE36-B225-4E40-8F30-C38029F47A4E}.Release|Any CPU.Build.0 = Release|Any CPU
	EndGlobalSection
	GlobalSection(SolutionProperties) = preSolution
		HideSolutionNode = FALSE
	EndGlobalSection
	GlobalSection(ExtensibilityGlobals) = postSolution
		SolutionGuid = {A5D5DB5F-C986-4570-98C0-FC04EBD749DA}
	EndGlobalSection
EndGlobal
